// !$*UTF8*$!
{
	archiveVersion = 1;
	classes = {
	};
	objectVersion = 46;
	objects = {

/* Begin PBXBuildFile section */
		860C8D901AFA5FFA00774F5D /* SVNImage.m in Sources */ = {isa = PBXBuildFile; fileRef = 860C8D8F1AFA5FFA00774F5D /* SVNImage.m */; };
		861692081AF9660D0051A551 /* Security.framework in Frameworks */ = {isa = PBXBuildFile; fileRef = 861692071AF9660D0051A551 /* Security.framework */; };
		8616920A1AF966160051A551 /* QuartzCore.framework in Frameworks */ = {isa = PBXBuildFile; fileRef = 861692091AF966160051A551 /* QuartzCore.framework */; };
		865E96441AF912C300358801 /* main.m in Sources */ = {isa = PBXBuildFile; fileRef = 865E96431AF912C300358801 /* main.m */; };
		865E96471AF912C300358801 /* AppDelegate.m in Sources */ = {isa = PBXBuildFile; fileRef = 865E96461AF912C300358801 /* AppDelegate.m */; };
		865E964A1AF912C300358801 /* SVNMainViewController.m in Sources */ = {isa = PBXBuildFile; fileRef = 865E96491AF912C300358801 /* SVNMainViewController.m */; };
		865E964D1AF912C300358801 /* Main.storyboard in Resources */ = {isa = PBXBuildFile; fileRef = 865E964B1AF912C300358801 /* Main.storyboard */; };
		865E964F1AF912C300358801 /* Images.xcassets in Resources */ = {isa = PBXBuildFile; fileRef = 865E964E1AF912C300358801 /* Images.xcassets */; };
		865E96521AF912C300358801 /* LaunchScreen.xib in Resources */ = {isa = PBXBuildFile; fileRef = 865E96501AF912C300358801 /* LaunchScreen.xib */; };
		865E965E1AF912C300358801 /* DropboxPhotoUploaderTests.m in Sources */ = {isa = PBXBuildFile; fileRef = 865E965D1AF912C300358801 /* DropboxPhotoUploaderTests.m */; };
		865E966A1AF916AD00358801 /* AssetsLibrary.framework in Frameworks */ = {isa = PBXBuildFile; fileRef = 865E96691AF916AD00358801 /* AssetsLibrary.framework */; };
		865E966D1AF91A9400358801 /* AVFoundation.framework in Frameworks */ = {isa = PBXBuildFile; fileRef = 865E966C1AF91A9400358801 /* AVFoundation.framework */; };
		86A601791AF9376500827547 /* SVNImageCell.m in Sources */ = {isa = PBXBuildFile; fileRef = 86A601781AF9376500827547 /* SVNImageCell.m */; };
		86ACAF331AFA8E45007CF67B /* DropboxSDK.framework in Frameworks */ = {isa = PBXBuildFile; fileRef = 86ACAF321AFA8E45007CF67B /* DropboxSDK.framework */; };
		86ACAF361AFA8ECF007CF67B /* SVNNetworkManager.m in Sources */ = {isa = PBXBuildFile; fileRef = 86ACAF351AFA8ECF007CF67B /* SVNNetworkManager.m */; };
/* End PBXBuildFile section */

/* Begin PBXContainerItemProxy section */
		865E96581AF912C300358801 /* PBXContainerItemProxy */ = {
			isa = PBXContainerItemProxy;
			containerPortal = 865E96361AF912C300358801 /* Project object */;
			proxyType = 1;
			remoteGlobalIDString = 865E963D1AF912C300358801;
			remoteInfo = DropboxPhotoUploader;
		};
/* End PBXContainerItemProxy section */

/* Begin PBXFileReference section */
		860C8D8E1AFA5FFA00774F5D /* SVNImage.h */ = {isa = PBXFileReference; fileEncoding = 4; lastKnownFileType = sourcecode.c.h; path = SVNImage.h; sourceTree = "<group>"; };
		860C8D8F1AFA5FFA00774F5D /* SVNImage.m */ = {isa = PBXFileReference; fileEncoding = 4; lastKnownFileType = sourcecode.c.objc; path = SVNImage.m; sourceTree = "<group>"; };
		861692071AF9660D0051A551 /* Security.framework */ = {isa = PBXFileReference; lastKnownFileType = wrapper.framework; name = Security.framework; path = System/Library/Frameworks/Security.framework; sourceTree = SDKROOT; };
		861692091AF966160051A551 /* QuartzCore.framework */ = {isa = PBXFileReference; lastKnownFileType = wrapper.framework; name = QuartzCore.framework; path = System/Library/Frameworks/QuartzCore.framework; sourceTree = SDKROOT; };
		865E963E1AF912C300358801 /* DropboxPhotoUploader.app */ = {isa = PBXFileReference; explicitFileType = wrapper.application; includeInIndex = 0; path = DropboxPhotoUploader.app; sourceTree = BUILT_PRODUCTS_DIR; };
		865E96421AF912C300358801 /* Info.plist */ = {isa = PBXFileReference; lastKnownFileType = text.plist.xml; path = Info.plist; sourceTree = "<group>"; };
		865E96431AF912C300358801 /* main.m */ = {isa = PBXFileReference; lastKnownFileType = sourcecode.c.objc; path = main.m; sourceTree = "<group>"; };
		865E96451AF912C300358801 /* AppDelegate.h */ = {isa = PBXFileReference; lastKnownFileType = sourcecode.c.h; path = AppDelegate.h; sourceTree = "<group>"; };
		865E96461AF912C300358801 /* AppDelegate.m */ = {isa = PBXFileReference; lastKnownFileType = sourcecode.c.objc; path = AppDelegate.m; sourceTree = "<group>"; };
		865E96481AF912C300358801 /* SVNMainViewController.h */ = {isa = PBXFileReference; lastKnownFileType = sourcecode.c.h; path = SVNMainViewController.h; sourceTree = "<group>"; };
		865E96491AF912C300358801 /* SVNMainViewController.m */ = {isa = PBXFileReference; lastKnownFileType = sourcecode.c.objc; path = SVNMainViewController.m; sourceTree = "<group>"; };
		865E964C1AF912C300358801 /* Base */ = {isa = PBXFileReference; lastKnownFileType = file.storyboard; name = Base; path = Base.lproj/Main.storyboard; sourceTree = "<group>"; };
		865E964E1AF912C300358801 /* Images.xcassets */ = {isa = PBXFileReference; lastKnownFileType = folder.assetcatalog; path = Images.xcassets; sourceTree = "<group>"; };
		865E96511AF912C300358801 /* Base */ = {isa = PBXFileReference; lastKnownFileType = file.xib; name = Base; path = Base.lproj/LaunchScreen.xib; sourceTree = "<group>"; };
		865E96571AF912C300358801 /* DropboxPhotoUploaderTests.xctest */ = {isa = PBXFileReference; explicitFileType = wrapper.cfbundle; includeInIndex = 0; path = DropboxPhotoUploaderTests.xctest; sourceTree = BUILT_PRODUCTS_DIR; };
		865E965C1AF912C300358801 /* Info.plist */ = {isa = PBXFileReference; lastKnownFileType = text.plist.xml; path = Info.plist; sourceTree = "<group>"; };
		865E965D1AF912C300358801 /* DropboxPhotoUploaderTests.m */ = {isa = PBXFileReference; lastKnownFileType = sourcecode.c.objc; path = DropboxPhotoUploaderTests.m; sourceTree = "<group>"; };
		865E96691AF916AD00358801 /* AssetsLibrary.framework */ = {isa = PBXFileReference; lastKnownFileType = wrapper.framework; name = AssetsLibrary.framework; path = System/Library/Frameworks/AssetsLibrary.framework; sourceTree = SDKROOT; };
		865E966C1AF91A9400358801 /* AVFoundation.framework */ = {isa = PBXFileReference; lastKnownFileType = wrapper.framework; name = AVFoundation.framework; path = System/Library/Frameworks/AVFoundation.framework; sourceTree = SDKROOT; };
		86A601771AF9376500827547 /* SVNImageCell.h */ = {isa = PBXFileReference; fileEncoding = 4; lastKnownFileType = sourcecode.c.h; path = SVNImageCell.h; sourceTree = "<group>"; };
		86A601781AF9376500827547 /* SVNImageCell.m */ = {isa = PBXFileReference; fileEncoding = 4; lastKnownFileType = sourcecode.c.objc; path = SVNImageCell.m; sourceTree = "<group>"; };
		86ACAF321AFA8E45007CF67B /* DropboxSDK.framework */ = {isa = PBXFileReference; lastKnownFileType = wrapper.framework; path = DropboxSDK.framework; sourceTree = "<group>"; };
		86ACAF341AFA8ECF007CF67B /* SVNNetworkManager.h */ = {isa = PBXFileReference; fileEncoding = 4; lastKnownFileType = sourcecode.c.h; path = SVNNetworkManager.h; sourceTree = "<group>"; };
		86ACAF351AFA8ECF007CF67B /* SVNNetworkManager.m */ = {isa = PBXFileReference; fileEncoding = 4; lastKnownFileType = sourcecode.c.objc; path = SVNNetworkManager.m; sourceTree = "<group>"; };
/* End PBXFileReference section */

/* Begin PBXFrameworksBuildPhase section */
		865E963B1AF912C300358801 /* Frameworks */ = {
			isa = PBXFrameworksBuildPhase;
			buildActionMask = 2147483647;
			files = (
				8616920A1AF966160051A551 /* QuartzCore.framework in Frameworks */,
				861692081AF9660D0051A551 /* Security.framework in Frameworks */,
				865E966D1AF91A9400358801 /* AVFoundation.framework in Frameworks */,
				86ACAF331AFA8E45007CF67B /* DropboxSDK.framework in Frameworks */,
				865E966A1AF916AD00358801 /* AssetsLibrary.framework in Frameworks */,
			);
			runOnlyForDeploymentPostprocessing = 0;
		};
		865E96541AF912C300358801 /* Frameworks */ = {
			isa = PBXFrameworksBuildPhase;
			buildActionMask = 2147483647;
			files = (
			);
			runOnlyForDeploymentPostprocessing = 0;
		};
/* End PBXFrameworksBuildPhase section */

/* Begin PBXGroup section */
		865E96351AF912C300358801 = {
			isa = PBXGroup;
			children = (
				865E96401AF912C300358801 /* DropboxPhotoUploader */,
				865E965A1AF912C300358801 /* DropboxPhotoUploaderTests */,
				865E963F1AF912C300358801 /* Products */,
				865E966B1AF916B400358801 /* Frameworks */,
			);
			sourceTree = "<group>";
		};
		865E963F1AF912C300358801 /* Products */ = {
			isa = PBXGroup;
			children = (
				865E963E1AF912C300358801 /* DropboxPhotoUploader.app */,
				865E96571AF912C300358801 /* DropboxPhotoUploaderTests.xctest */,
			);
			name = Products;
			sourceTree = "<group>";
		};
		865E96401AF912C300358801 /* DropboxPhotoUploader */ = {
			isa = PBXGroup;
			children = (
				86A6017A1AF9376B00827547 /* Models */,
				865E96681AF912E100358801 /* Views */,
				865E96671AF912D200358801 /* Controllers */,
				86A6017B1AF9378F00827547 /* Helpers */,
				865E96451AF912C300358801 /* AppDelegate.h */,
				865E96461AF912C300358801 /* AppDelegate.m */,
				865E964E1AF912C300358801 /* Images.xcassets */,
				865E96411AF912C300358801 /* Supporting Files */,
			);
			path = DropboxPhotoUploader;
			sourceTree = "<group>";
		};
		865E96411AF912C300358801 /* Supporting Files */ = {
			isa = PBXGroup;
			children = (
				865E96421AF912C300358801 /* Info.plist */,
				865E96431AF912C300358801 /* main.m */,
			);
			name = "Supporting Files";
			sourceTree = "<group>";
		};
		865E965A1AF912C300358801 /* DropboxPhotoUploaderTests */ = {
			isa = PBXGroup;
			children = (
				865E965D1AF912C300358801 /* DropboxPhotoUploaderTests.m */,
				865E965B1AF912C300358801 /* Supporting Files */,
			);
			path = DropboxPhotoUploaderTests;
			sourceTree = "<group>";
		};
		865E965B1AF912C300358801 /* Supporting Files */ = {
			isa = PBXGroup;
			children = (
				865E965C1AF912C300358801 /* Info.plist */,
			);
			name = "Supporting Files";
			sourceTree = "<group>";
		};
		865E96671AF912D200358801 /* Controllers */ = {
			isa = PBXGroup;
			children = (
				865E96481AF912C300358801 /* SVNMainViewController.h */,
				865E96491AF912C300358801 /* SVNMainViewController.m */,
			);
			name = Controllers;
			sourceTree = "<group>";
		};
		865E96681AF912E100358801 /* Views */ = {
			isa = PBXGroup;
			children = (
				865E964B1AF912C300358801 /* Main.storyboard */,
				865E96501AF912C300358801 /* LaunchScreen.xib */,
			);
			name = Views;
			sourceTree = "<group>";
		};
		865E966B1AF916B400358801 /* Frameworks */ = {
			isa = PBXGroup;
			children = (
				86ACAF321AFA8E45007CF67B /* DropboxSDK.framework */,
				861692091AF966160051A551 /* QuartzCore.framework */,
				861692071AF9660D0051A551 /* Security.framework */,
				865E966C1AF91A9400358801 /* AVFoundation.framework */,
				865E96691AF916AD00358801 /* AssetsLibrary.framework */,
			);
			name = Frameworks;
			sourceTree = "<group>";
		};
		86A6017A1AF9376B00827547 /* Models */ = {
			isa = PBXGroup;
			children = (
				86A601771AF9376500827547 /* SVNImageCell.h */,
				86A601781AF9376500827547 /* SVNImageCell.m */,
				860C8D8E1AFA5FFA00774F5D /* SVNImage.h */,
				860C8D8F1AFA5FFA00774F5D /* SVNImage.m */,
			);
			name = Models;
			sourceTree = "<group>";
		};
		86A6017B1AF9378F00827547 /* Helpers */ = {
			isa = PBXGroup;
			children = (
				86ACAF341AFA8ECF007CF67B /* SVNNetworkManager.h */,
				86ACAF351AFA8ECF007CF67B /* SVNNetworkManager.m */,
			);
			name = Helpers;
			sourceTree = "<group>";
		};
/* End PBXGroup section */

/* Begin PBXNativeTarget section */
		865E963D1AF912C300358801 /* DropboxPhotoUploader */ = {
			isa = PBXNativeTarget;
			buildConfigurationList = 865E96611AF912C300358801 /* Build configuration list for PBXNativeTarget "DropboxPhotoUploader" */;
			buildPhases = (
				865E963A1AF912C300358801 /* Sources */,
				865E963B1AF912C300358801 /* Frameworks */,
				865E963C1AF912C300358801 /* Resources */,
			);
			buildRules = (
			);
			dependencies = (
			);
			name = DropboxPhotoUploader;
			productName = DropboxPhotoUploader;
			productReference = 865E963E1AF912C300358801 /* DropboxPhotoUploader.app */;
			productType = "com.apple.product-type.application";
		};
		865E96561AF912C300358801 /* DropboxPhotoUploaderTests */ = {
			isa = PBXNativeTarget;
			buildConfigurationList = 865E96641AF912C300358801 /* Build configuration list for PBXNativeTarget "DropboxPhotoUploaderTests" */;
			buildPhases = (
				865E96531AF912C300358801 /* Sources */,
				865E96541AF912C300358801 /* Frameworks */,
				865E96551AF912C300358801 /* Resources */,
			);
			buildRules = (
			);
			dependencies = (
				865E96591AF912C300358801 /* PBXTargetDependency */,
			);
			name = DropboxPhotoUploaderTests;
			productName = DropboxPhotoUploaderTests;
			productReference = 865E96571AF912C300358801 /* DropboxPhotoUploaderTests.xctest */;
			productType = "com.apple.product-type.bundle.unit-test";
		};
/* End PBXNativeTarget section */

/* Begin PBXProject section */
		865E96361AF912C300358801 /* Project object */ = {
			isa = PBXProject;
			attributes = {
				LastUpgradeCheck = 0630;
				ORGANIZATIONNAME = Vladislav;
				TargetAttributes = {
					865E963D1AF912C300358801 = {
						CreatedOnToolsVersion = 6.3.1;
					};
					865E96561AF912C300358801 = {
						CreatedOnToolsVersion = 6.3.1;
						TestTargetID = 865E963D1AF912C300358801;
					};
				};
			};
			buildConfigurationList = 865E96391AF912C300358801 /* Build configuration list for PBXProject "DropboxPhotoUploader" */;
			compatibilityVersion = "Xcode 3.2";
			developmentRegion = English;
			hasScannedForEncodings = 0;
			knownRegions = (
				en,
				Base,
			);
			mainGroup = 865E96351AF912C300358801;
			productRefGroup = 865E963F1AF912C300358801 /* Products */;
			projectDirPath = "";
			projectRoot = "";
			targets = (
				865E963D1AF912C300358801 /* DropboxPhotoUploader */,
				865E96561AF912C300358801 /* DropboxPhotoUploaderTests */,
			);
		};
/* End PBXProject section */

/* Begin PBXResourcesBuildPhase section */
		865E963C1AF912C300358801 /* Resources */ = {
			isa = PBXResourcesBuildPhase;
			buildActionMask = 2147483647;
			files = (
				865E964D1AF912C300358801 /* Main.storyboard in Resources */,
				865E96521AF912C300358801 /* LaunchScreen.xib in Resources */,
				865E964F1AF912C300358801 /* Images.xcassets in Resources */,
			);
			runOnlyForDeploymentPostprocessing = 0;
		};
		865E96551AF912C300358801 /* Resources */ = {
			isa = PBXResourcesBuildPhase;
			buildActionMask = 2147483647;
			files = (
			);
			runOnlyForDeploymentPostprocessing = 0;
		};
/* End PBXResourcesBuildPhase section */

/* Begin PBXSourcesBuildPhase section */
		865E963A1AF912C300358801 /* Sources */ = {
			isa = PBXSourcesBuildPhase;
			buildActionMask = 2147483647;
			files = (
				860C8D901AFA5FFA00774F5D /* SVNImage.m in Sources */,
				865E964A1AF912C300358801 /* SVNMainViewController.m in Sources */,
				86ACAF361AFA8ECF007CF67B /* SVNNetworkManager.m in Sources */,
				865E96471AF912C300358801 /* AppDelegate.m in Sources */,
				865E96441AF912C300358801 /* main.m in Sources */,
				86A601791AF9376500827547 /* SVNImageCell.m in Sources */,
			);
			runOnlyForDeploymentPostprocessing = 0;
		};
		865E96531AF912C300358801 /* Sources */ = {
			isa = PBXSourcesBuildPhase;
			buildActionMask = 2147483647;
			files = (
				865E965E1AF912C300358801 /* DropboxPhotoUploaderTests.m in Sources */,
			);
			runOnlyForDeploymentPostprocessing = 0;
		};
/* End PBXSourcesBuildPhase section */

/* Begin PBXTargetDependency section */
		865E96591AF912C300358801 /* PBXTargetDependency */ = {
			isa = PBXTargetDependency;
			target = 865E963D1AF912C300358801 /* DropboxPhotoUploader */;
			targetProxy = 865E96581AF912C300358801 /* PBXContainerItemProxy */;
		};
/* End PBXTargetDependency section */

/* Begin PBXVariantGroup section */
		865E964B1AF912C300358801 /* Main.storyboard */ = {
			isa = PBXVariantGroup;
			children = (
				865E964C1AF912C300358801 /* Base */,
			);
			name = Main.storyboard;
			sourceTree = "<group>";
		};
		865E96501AF912C300358801 /* LaunchScreen.xib */ = {
			isa = PBXVariantGroup;
			children = (
				865E96511AF912C300358801 /* Base */,
			);
			name = LaunchScreen.xib;
			sourceTree = "<group>";
		};
/* End PBXVariantGroup section */

/* Begin XCBuildConfiguration section */
		865E965F1AF912C300358801 /* Debug */ = {
			isa = XCBuildConfiguration;
			buildSettings = {
				ALWAYS_SEARCH_USER_PATHS = NO;
				CLANG_CXX_LANGUAGE_STANDARD = "gnu++0x";
				CLANG_CXX_LIBRARY = "libc++";
				CLANG_ENABLE_MODULES = YES;
				CLANG_ENABLE_OBJC_ARC = YES;
				CLANG_WARN_BOOL_CONVERSION = YES;
				CLANG_WARN_CONSTANT_CONVERSION = YES;
				CLANG_WARN_DIRECT_OBJC_ISA_USAGE = YES_ERROR;
				CLANG_WARN_EMPTY_BODY = YES;
				CLANG_WARN_ENUM_CONVERSION = YES;
				CLANG_WARN_INT_CONVERSION = YES;
				CLANG_WARN_OBJC_ROOT_CLASS = YES_ERROR;
				CLANG_WARN_UNREACHABLE_CODE = YES;
				CLANG_WARN__DUPLICATE_METHOD_MATCH = YES;
				"CODE_SIGN_IDENTITY[sdk=iphoneos*]" = "iPhone Developer";
				COPY_PHASE_STRIP = NO;
				DEBUG_INFORMATION_FORMAT = "dwarf-with-dsym";
				ENABLE_STRICT_OBJC_MSGSEND = YES;
				GCC_C_LANGUAGE_STANDARD = gnu99;
				GCC_DYNAMIC_NO_PIC = NO;
				GCC_NO_COMMON_BLOCKS = YES;
				GCC_OPTIMIZATION_LEVEL = 0;
				GCC_PREPROCESSOR_DEFINITIONS = (
					"DEBUG=1",
					"$(inherited)",
				);
				GCC_SYMBOLS_PRIVATE_EXTERN = NO;
				GCC_WARN_64_TO_32_BIT_CONVERSION = YES;
				GCC_WARN_ABOUT_RETURN_TYPE = YES_ERROR;
				GCC_WARN_UNDECLARED_SELECTOR = YES;
				GCC_WARN_UNINITIALIZED_AUTOS = YES_AGGRESSIVE;
				GCC_WARN_UNUSED_FUNCTION = YES;
				GCC_WARN_UNUSED_VARIABLE = YES;
				IPHONEOS_DEPLOYMENT_TARGET = 7.0;
				MTL_ENABLE_DEBUG_INFO = YES;
				ONLY_ACTIVE_ARCH = YES;
				SDKROOT = iphoneos;
			};
			name = Debug;
		};
		865E96601AF912C300358801 /* Release */ = {
			isa = XCBuildConfiguration;
			buildSettings = {
				ALWAYS_SEARCH_USER_PATHS = NO;
				CLANG_CXX_LANGUAGE_STANDARD = "gnu++0x";
				CLANG_CXX_LIBRARY = "libc++";
				CLANG_ENABLE_MODULES = YES;
				CLANG_ENABLE_OBJC_ARC = YES;
				CLANG_WARN_BOOL_CONVERSION = YES;
				CLANG_WARN_CONSTANT_CONVERSION = YES;
				CLANG_WARN_DIRECT_OBJC_ISA_USAGE = YES_ERROR;
				CLANG_WARN_EMPTY_BODY = YES;
				CLANG_WARN_ENUM_CONVERSION = YES;
				CLANG_WARN_INT_CONVERSION = YES;
				CLANG_WARN_OBJC_ROOT_CLASS = YES_ERROR;
				CLANG_WARN_UNREACHABLE_CODE = YES;
				CLANG_WARN__DUPLICATE_METHOD_MATCH = YES;
				"CODE_SIGN_IDENTITY[sdk=iphoneos*]" = "iPhone Developer";
				COPY_PHASE_STRIP = NO;
				DEBUG_INFORMATION_FORMAT = "dwarf-with-dsym";
				ENABLE_NS_ASSERTIONS = NO;
				ENABLE_STRICT_OBJC_MSGSEND = YES;
				GCC_C_LANGUAGE_STANDARD = gnu99;
				GCC_NO_COMMON_BLOCKS = YES;
				GCC_WARN_64_TO_32_BIT_CONVERSION = YES;
				GCC_WARN_ABOUT_RETURN_TYPE = YES_ERROR;
				GCC_WARN_UNDECLARED_SELECTOR = YES;
				GCC_WARN_UNINITIALIZED_AUTOS = YES_AGGRESSIVE;
				GCC_WARN_UNUSED_FUNCTION = YES;
				GCC_WARN_UNUSED_VARIABLE = YES;
				IPHONEOS_DEPLOYMENT_TARGET = 7.0;
				MTL_ENABLE_DEBUG_INFO = NO;
				SDKROOT = iphoneos;
				VALIDATE_PRODUCT = YES;
			};
			name = Release;
		};
		865E96621AF912C300358801 /* Debug */ = {
			isa = XCBuildConfiguration;
			buildSettings = {
				ASSETCATALOG_COMPILER_APPICON_NAME = AppIcon;
				FRAMEWORK_SEARCH_PATHS = (
					"$(inherited)",
					"$(PROJECT_DIR)",
					"/Users/vladislav/Downloads/dropbox-ios-sdk-1.3.13",
				);
				INFOPLIST_FILE = DropboxPhotoUploader/Info.plist;
				IPHONEOS_DEPLOYMENT_TARGET = 7.0;
				LD_RUNPATH_SEARCH_PATHS = "$(inherited) @executable_path/Frameworks";
				PRODUCT_NAME = "$(TARGET_NAME)";
			};
			name = Debug;
		};
		865E96631AF912C300358801 /* Release */ = {
			isa = XCBuildConfiguration;
			buildSettings = {
				ASSETCATALOG_COMPILER_APPICON_NAME = AppIcon;
				FRAMEWORK_SEARCH_PATHS = (
					"$(inherited)",
					"$(PROJECT_DIR)",
					"/Users/vladislav/Downloads/dropbox-ios-sdk-1.3.13",
				);
				INFOPLIST_FILE = DropboxPhotoUploader/Info.plist;
				IPHONEOS_DEPLOYMENT_TARGET = 7.0;
				LD_RUNPATH_SEARCH_PATHS = "$(inherited) @executable_path/Frameworks";
				PRODUCT_NAME = "$(TARGET_NAME)";
			};
			name = Release;
		};
		865E96651AF912C300358801 /* Debug */ = {
			isa = XCBuildConfiguration;
			buildSettings = {
				BUNDLE_LOADER = "$(TEST_HOST)";
				FRAMEWORK_SEARCH_PATHS = (
					"$(SDKROOT)/Developer/Library/Frameworks",
					"$(inherited)",
				);
				GCC_PREPROCESSOR_DEFINITIONS = (
					"DEBUG=1",
					"$(inherited)",
				);
				INFOPLIST_FILE = DropboxPhotoUploaderTests/Info.plist;
				LD_RUNPATH_SEARCH_PATHS = "$(inherited) @executable_path/Frameworks @loader_path/Frameworks";
				PRODUCT_NAME = "$(TARGET_NAME)";
				TEST_HOST = "$(BUILT_PRODUCTS_DIR)/DropboxPhotoUploader.app/DropboxPhotoUploader";
			};
			name = Debug;
		};
		865E96661AF912C300358801 /* Release */ = {
			isa = XCBuildConfiguration;
			buildSettings = {
				BUNDLE_LOADER = "$(TEST_HOST)";
				FRAMEWORK_SEARCH_PATHS = (
					"$(SDKROOT)/Developer/Library/Frameworks",
					"$(inherited)",
				);
				INFOPLIST_FILE = DropboxPhotoUploaderTests/Info.plist;
				LD_RUNPATH_SEARCH_PATHS = "$(inherited) @executable_path/Frameworks @loader_path/Frameworks";
				PRODUCT_NAME = "$(TARGET_NAME)";
				TEST_HOST = "$(BUILT_PRODUCTS_DIR)/DropboxPhotoUploader.app/DropboxPhotoUploader";
			};
			name = Release;
		};
/* End XCBuildConfiguration section */

/* Begin XCConfigurationList section */
		865E96391AF912C300358801 /* Build configuration list for PBXProject "DropboxPhotoUploader" */ = {
			isa = XCConfigurationList;
			buildConfigurations = (
				865E965F1AF912C300358801 /* Debug */,
				865E96601AF912C300358801 /* Release */,
			);
			defaultConfigurationIsVisible = 0;
			defaultConfigurationName = Release;
		};
		865E96611AF912C300358801 /* Build configuration list for PBXNativeTarget "DropboxPhotoUploader" */ = {
			isa = XCConfigurationList;
			buildConfigurations = (
				865E96621AF912C300358801 /* Debug */,
				865E96631AF912C300358801 /* Release */,
			);
			defaultConfigurationIsVisible = 0;
			defaultConfigurationName = Release;
		};
		865E96641AF912C300358801 /* Build configuration list for PBXNativeTarget "DropboxPhotoUploaderTests" */ = {
			isa = XCConfigurationList;
			buildConfigurations = (
				865E96651AF912C300358801 /* Debug */,
				865E96661AF912C300358801 /* Release */,
			);
			defaultConfigurationIsVisible = 0;
			defaultConfigurationName = Release;
		};
/* End XCConfigurationList section */
	};
	rootObject = 865E96361AF912C300358801 /* Project object */;
}
